
Microsoft Visual Studio Solution File, Format Version 12.00
# Visual Studio Version 17
VisualStudioVersion = 17.5.002.0
MinimumVisualStudioVersion = 10.0.40219.1
Project("{9A19103F-16F7-4668-BE54-9A1E7A4F7556}") = "TestProject", "TestProject.csproj", "{B7B0EB9F-0E33-4ED4-9746-CBE422E83438}"
EndProject
Project("{FAE04EC0-301F-11D3-BF4B-00C04F79EFBC}") = "CursoYouTube", "..\CursoYouTube\CursoYouTube.csproj", "{72A8083E-EEB1-4739-A870-807CF6D68622}"
EndProject
Global
	GlobalSection(SolutionConfigurationPlatforms) = preSolution
		Debug|Any CPU = Debug|Any CPU
		Release|Any CPU = Release|Any CPU
	EndGlobalSection
	GlobalSection(ProjectConfigurationPlatforms) = postSolution
		{B7B0EB9F-0E33-4ED4-9746-CBE422E83438}.Debug|Any CPU.ActiveCfg = Debug|Any CPU
		{B7B0EB9F-0E33-4ED4-9746-CBE422E83438}.Debug|Any CPU.Build.0 = Debug|Any CPU
		{B7B0EB9F-0E33-4ED4-9746-CBE422E83438}.Release|Any CPU.ActiveCfg = Release|Any CPU
		{B7B0EB9F-0E33-4ED4-9746-CBE422E83438}.Release|Any CPU.Build.0 = Release|Any CPU
		{72A8083E-EEB1-4739-A870-807CF6D68622}.Debug|Any CPU.ActiveCfg = Debug|Any CPU
		{72A8083E-EEB1-4739-A870-807CF6D68622}.Debug|Any CPU.Build.0 = Debug|Any CPU
		{72A8083E-EEB1-4739-A870-807CF6D68622}.Release|Any CPU.ActiveCfg = Release|Any CPU
		{72A8083E-EEB1-4739-A870-807CF6D68622}.Release|Any CPU.Build.0 = Release|Any CPU
	EndGlobalSection
	GlobalSection(SolutionProperties) = preSolution
		HideSolutionNode = FALSE
	EndGlobalSection
	GlobalSection(ExtensibilityGlobals) = postSolution
		SolutionGuid = {9D78ADD3-4364-43FE-BDC8-E44B04BEA5F0}
	EndGlobalSection
EndGlobal
